{
    "hash": "19969db9959e5b47696689961ff6cff4",
    "packages": [
        {
            "package": "doctrine/common",
            "version": "2.3.x-dev",
            "source-reference": "50103d1fde90876a48478f4daa760d9e81448d18",
            "commit-date": "1346226460"
        },
        {
            "package": "doctrine/dbal",
            "version": "2.3.x-dev",
            "source-reference": "cc7b52ecbd9012030d4928f454a009524d0d0928",
            "commit-date": "1346229157"
        },
        {
            "package": "doctrine/doctrine-bundle",
            "version": "v2.1.0-RC2"
        },
        {
            "package": "doctrine/orm",
            "version": "2.3.x-dev",
            "source-reference": "971865f271771a3b06c474dfea9e91f023837cce",
            "commit-date": "1344977483"
        },
        {
            "package": "jms/aop-bundle",
            "version": "1.0.0"
        },
        {
            "package": "jms/cg",
            "version": "1.0.0"
        },
        {
            "package": "jms/di-extra-bundle",
            "version": "dev-master",
            "alias-pretty-version": "1.1.x-dev",
            "alias-version": "1.1.9999999.9999999-dev"
        },
        {
            "package": "jms/di-extra-bundle",
            "version": "dev-master",
            "source-reference": "1.1.0-RC",
            "commit-date": "1345140102"
        },
        {
            "package": "jms/metadata",
            "version": "1.1.1"
        },
        {
            "package": "jms/security-extra-bundle",
            "version": "dev-master",
            "alias-pretty-version": "1.2.x-dev",
            "alias-version": "1.2.9999999.9999999-dev"
        },
        {
            "package": "jms/security-extra-bundle",
            "version": "dev-master",
            "source-reference": "1.2.0-RC",
            "commit-date": "1345840275"
        },
        {
            "package": "kriswallsmith/assetic",
            "version": "dev-master",
            "alias-pretty-version": "1.1.x-dev",
            "alias-version": "1.1.9999999.9999999-dev"
        },
        {
            "package": "kriswallsmith/assetic",
            "version": "dev-master",
            "source-reference": "0410297526eacc3aa2146b55bc4e30e6fd3a50ed",
            "commit-date": "1346167888"
        },
        {
            "package": "monolog/monolog",
            "version": "1.2.0"
        },
        {
            "package": "sensio/distribution-bundle",
            "version": "dev-master",
            "alias-pretty-version": "2.1.x-dev",
            "alias-version": "2.1.9999999.9999999-dev"
        },
        {
            "package": "sensio/distribution-bundle",
            "version": "dev-master",
            "source-reference": "v2.1.0-RC2",
            "commit-date": "1345982505"
        },
        {
            "package": "sensio/framework-extra-bundle",
            "version": "dev-master",
            "alias-pretty-version": "2.1.x-dev",
            "alias-version": "2.1.9999999.9999999-dev"
        },
        {
            "package": "sensio/framework-extra-bundle",
            "version": "dev-master",
            "source-reference": "v2.1.0-RC2",
            "commit-date": "1344072374"
        },
        {
            "package": "sensio/generator-bundle",
            "version": "dev-master",
            "alias-pretty-version": "2.1.x-dev",
            "alias-version": "2.1.9999999.9999999-dev"
        },
        {
            "package": "sensio/generator-bundle",
            "version": "dev-master",
            "source-reference": "v2.1.0-RC2",
            "commit-date": "1346138171"
        },
        {
            "package": "swiftmailer/swiftmailer",
            "version": "dev-master",
            "alias-pretty-version": "4.2.x-dev",
            "alias-version": "4.2.9999999.9999999-dev"
        },
        {
            "package": "swiftmailer/swiftmailer",
            "version": "dev-master",
            "source-reference": "e12e4ef3a9d6dd60fb734a01984a6e6627aea764",
            "commit-date": "1345630910"
        },
        {
            "package": "symfony/assetic-bundle",
            "version": "dev-master",
            "alias-pretty-version": "2.1.x-dev",
            "alias-version": "2.1.9999999.9999999-dev"
        },
        {
            "package": "symfony/assetic-bundle",
            "version": "dev-master",
            "source-reference": "4e7e8a039fa19434f04558473adbb201118af942",
            "commit-date": "1346199949"
        },
        {
            "package": "symfony/monolog-bundle",
            "version": "dev-master",
            "alias-pretty-version": "2.1.x-dev",
            "alias-version": "2.1.9999999.9999999-dev"
        },
        {
            "package": "symfony/monolog-bundle",
            "version": "dev-master",
            "source-reference": "v2.1.0-RC2",
            "commit-date": "1345557954"
        },
        {
            "package": "symfony/swiftmailer-bundle",
            "version": "dev-master",
            "alias-pretty-version": "2.1.x-dev",
            "alias-version": "2.1.9999999.9999999-dev"
        },
        {
            "package": "symfony/swiftmailer-bundle",
            "version": "dev-master",
            "source-reference": "fcacc9e5d78f1559cf9a52facf6c3d89eb7c7892",
            "commit-date": "1346187338"
        },
        {
            "package": "symfony/symfony",
            "version": "dev-master",
            "alias-pretty-version": "2.1.x-dev",
            "alias-version": "2.1.9999999.9999999-dev"
        },
        {
            "package": "symfony/symfony",
            "version": "dev-master",
            "source-reference": "0881bdeb899520f1d14e5cd1e9d98a653aa70aa7",
            "commit-date": "1346225355"
        },
        {
            "package": "twig/extensions",
            "version": "dev-master",
            "alias-pretty-version": "1.0.x-dev",
            "alias-version": "1.0.9999999.9999999-dev"
        },
        {
            "package": "twig/extensions",
            "version": "dev-master",
            "source-reference": "v1.0.0-alpha",
            "commit-date": "1346166263"
        },
        {
            "package": "twig/twig",
            "version": "dev-master",
            "alias-pretty-version": "1.9.x-dev",
            "alias-version": "1.9.9999999.9999999-dev"
        },
        {
            "package": "twig/twig",
            "version": "dev-master",
            "source-reference": "300b26cf8eee5645bb3b07e83fd81760ab452768",
            "commit-date": "1346219047"
        }
    ],
    "packages-dev": null,
    "aliases": [

    ],
    "minimum-stability": "dev",
    "stability-flags": [

    ]
}
