symfony c2480c1e73879593ef6b88571fc733ada5a26bba
twig 2afc513620e7f8dadda92a0f4ed04cb157e048df
monolog b704c49a3051536f67f2d39f13568f74615b9922
doctrine-common b886898821288d305862ee9c567cc5b5cbb4c0dc
doctrine-dbal 64650385987dee6be046b8fa2485ff4d7663f814
doctrine 03d2b0f30c35d313339478d24337dd1a28a2f2f2
swiftmailer d02e07b2cc4e35234119033c6d0cc8805a893b11
assetic 4aeef88b7908510d0bcbbde357f0adf470534ed8
twig-extensions feb6d3f10c411e2631997c0a905aa581c80305c1
metadata 8717ad2a5689480765d9ffafe925cd8a2457e582
SensioFrameworkExtraBundle 1eda94d838aa885e154f92f426df35f2252cdb92
JMSSecurityExtraBundle e752f888c51425f71382c056961f10f2be642102
SensioDistributionBundle 41a6c5caed65f02bb09c95a90579f047616471fd
SensioGeneratorBundle 83b768a487a6878f2bc2ad6859bd61a3651a7885
AsseticBundle 41b5913b5086a0909af92adcb4a6005ee0051b16
doctrine-fixtures d233d05437c1a10034867f22069b4bb0f7dc96b6
DoctrineFixturesBundle a66be2f077f3a4e5c3801b356b42b8782f1abbd6
Imagine f6dc5f1f00902afd36fdac25321ef0fd0f8e2bc9
AvalancheImagineBundle 5b1b09bebe0b3a3499a629b8a6fa907f8063d568
gaufrette a4caf2b4b723a4a4328ff0d247ff4f6cbb197d26
FOSUserBundle b3dc5faf0017a621537dd5ec44047be5ad5bb82e
KnpGaufretteBundle b414f4f142c4e0833707c815ec838bb6ee243f42
WebProfilerExtraBundle e5e40520ed2565a663de84f1dc4f022e4f8e1f0d
KnpMenu ca754a2e28f12de4a1c379d15066ad039d1f15b2
KnpMenuBundle f77e97924164b5500a15a209243e4c71fe466306
KunstmaanAdminBundle 532748223b99d6f4e96404f6293f72429a1efc66
KunstmaanMediaBundle 2a7b8b23641bc2fb02f582a684488eadf2ab7f01
KunstmaanPagePartBundle 86c1fa1c2092f22a00c3a541c8e18fae82d72940
KunstmaanAdminListBundle 7113f4c14efda484ae67efe1bc90017c31674935
KunstmaanAdminNodeBundle 1a217064fdc275b7211e9a56052e8542b056aaaa
KunstmaanViewBundle 8243426b7a21a4eab830586ec3ca93964c4c6028
KunstmaanSearchBundle 683ab2e4ce5ec68aa9dd64903c21c36d045bfd80
KunstmaanFormBundle d395e3c544cc8099f587a443c549a3192f19af7d
KunstmaanMediaPagePartBundle dd336d8bd5e3075720c9aa1d2caed3791fd1d7a6
Elastica 6b8df9f7b848f80ffa40ab1aa2a7c324b2cfca25
FOQElasticaBundle e61d0aac0f8e6fa5f488028dda1d11abfede6357
Pagerfanta c490684def33e992241e7fad33bcbd03d9d18643
WhiteOctoberPagerfantaBundle f77e97924164b5500a15a209243e4c71fe466306
DoctrineExtensions 5be3722d26379ee21dd6de414bcc8828081ce71f
DoctrineExtensionsBundle 0f68835d3bab12aa55488b954b084ac3615ba765
OrnicarApcBundle 0243cba9c9820ff104db2b5520a7dab862a025ee